# THIS IS AN AUTOGENERATED FILE. DO NOT EDIT THIS FILE DIRECTLY.
# yarn lockfile v1


"@vant/weapp@^1.11.6":
  version "1.11.6"
  resolved "https://registry.yarnpkg.com/@vant/weapp/-/weapp-1.11.6.tgz#3a7f4f68aed35ec4657daea7fec4c8b29ec71e47"
  integrity sha512-a3heReWYT2gNdsyj6x1hBwsM8V8NrjcPAmle86NH2CD2V/i/h0le75piW6KntSfOPCwekVWMBKhysNrBpJeKdw==
